
Microsoft Visual Studio Solution File, Format Version 12.00
Project("{FAE04EC0-301F-11D3-BF4B-00C04F79EFBC}") = "CoDHVKDecompiler.CLI", "CoDHVKDecompiler.CLI\CoDHVKDecompiler.CLI.csproj", "{477056B9-C33B-4DF9-82C1-4D32B83E2AD2}"
EndProject
Project("{FAE04EC0-301F-11D3-BF4B-00C04F79EFBC}") = "CoDHVKDecompiler.Common", "CoDHVKDecompiler.Common\CoDHVKDecompiler.Common.csproj", "{419DBE8D-3867-4BD6-BFEB-BB9B78ED5EE7}"
EndProject
Project("{FAE04EC0-301F-11D3-BF4B-00C04F79EFBC}") = "CoDHVKDecompiler.Decompiler", "CoDHVKDecompiler.Decompiler\CoDHVKDecompiler.Decompiler.csproj", "{34662E8D-F99B-4200-B6A8-8C044352C61D}"
EndProject
Global
	GlobalSection(SolutionConfigurationPlatforms) = preSolution
		Debug|Any CPU = Debug|Any CPU
		Release|Any CPU = Release|Any CPU
	EndGlobalSection
	GlobalSection(ProjectConfigurationPlatforms) = postSolution
		{477056B9-C33B-4DF9-82C1-4D32B83E2AD2}.Debug|Any CPU.ActiveCfg = Debug|Any CPU
		{477056B9-C33B-4DF9-82C1-4D32B83E2AD2}.Debug|Any CPU.Build.0 = Debug|Any CPU
		{477056B9-C33B-4DF9-82C1-4D32B83E2AD2}.Release|Any CPU.ActiveCfg = Release|Any CPU
		{477056B9-C33B-4DF9-82C1-4D32B83E2AD2}.Release|Any CPU.Build.0 = Release|Any CPU
		{419DBE8D-3867-4BD6-BFEB-BB9B78ED5EE7}.Debug|Any CPU.ActiveCfg = Debug|Any CPU
		{419DBE8D-3867-4BD6-BFEB-BB9B78ED5EE7}.Debug|Any CPU.Build.0 = Debug|Any CPU
		{419DBE8D-3867-4BD6-BFEB-BB9B78ED5EE7}.Release|Any CPU.ActiveCfg = Release|Any CPU
		{419DBE8D-3867-4BD6-BFEB-BB9B78ED5EE7}.Release|Any CPU.Build.0 = Release|Any CPU
		{34662E8D-F99B-4200-B6A8-8C044352C61D}.Debug|Any CPU.ActiveCfg = Debug|Any CPU
		{34662E8D-F99B-4200-B6A8-8C044352C61D}.Debug|Any CPU.Build.0 = Debug|Any CPU
		{34662E8D-F99B-4200-B6A8-8C044352C61D}.Release|Any CPU.ActiveCfg = Release|Any CPU
		{34662E8D-F99B-4200-B6A8-8C044352C61D}.Release|Any CPU.Build.0 = Release|Any CPU
	EndGlobalSection
EndGlobal
